
Microsoft Visual Studio Solution File, Format Version 12.00
Project("{FAE04EC0-301F-11D3-BF4B-00C04F79EFBC}") = "Machine", "Machine\Machine.csproj", "{06DC4E4A-AF3C-4753-B6D6-7F6F9720B135}"
EndProject
Global
	GlobalSection(SolutionConfigurationPlatforms) = preSolution
		Debug|Any CPU = Debug|Any CPU
		Release|Any CPU = Release|Any CPU
	EndGlobalSection
	GlobalSection(ProjectConfigurationPlatforms) = postSolution
		{06DC4E4A-AF3C-4753-B6D6-7F6F9720B135}.Debug|Any CPU.ActiveCfg = Debug|Any CPU
		{06DC4E4A-AF3C-4753-B6D6-7F6F9720B135}.Debug|Any CPU.Build.0 = Debug|Any CPU
		{06DC4E4A-AF3C-4753-B6D6-7F6F9720B135}.Release|Any CPU.ActiveCfg = Release|Any CPU
		{06DC4E4A-AF3C-4753-B6D6-7F6F9720B135}.Release|Any CPU.Build.0 = Release|Any CPU
	EndGlobalSection
EndGlobal
